
Microsoft Visual Studio Solution File, Format Version 12.00
# Visual Studio Version 16
VisualStudioVersion = 16.0.810.23
MinimumVisualStudioVersion = 10.0.40219.1
Project("{FAE04EC0-301F-11D3-BF4B-00C04F79EFBC}") = "OrderAPI", "OrderAPI\OrderAPI.csproj", "{094E21AF-3A20-4BB4-95D2-8BF0DC2630FC}"
EndProject
Global
	GlobalSection(SolutionConfigurationPlatforms) = preSolution
		Debug|Any CPU = Debug|Any CPU
		Release|Any CPU = Release|Any CPU
	EndGlobalSection
	GlobalSection(ProjectConfigurationPlatforms) = postSolution
		{094E21AF-3A20-4BB4-95D2-8BF0DC2630FC}.Debug|Any CPU.ActiveCfg = Debug|Any CPU
		{094E21AF-3A20-4BB4-95D2-8BF0DC2630FC}.Debug|Any CPU.Build.0 = Debug|Any CPU
		{094E21AF-3A20-4BB4-95D2-8BF0DC2630FC}.Release|Any CPU.ActiveCfg = Release|Any CPU
		{094E21AF-3A20-4BB4-95D2-8BF0DC2630FC}.Release|Any CPU.Build.0 = Release|Any CPU
	EndGlobalSection
	GlobalSection(SolutionProperties) = preSolution
		HideSolutionNode = FALSE
	EndGlobalSection
	GlobalSection(ExtensibilityGlobals) = postSolution
		SolutionGuid = {58644DCF-E25D-4F32-B1AD-84EB2D4DA733}
	EndGlobalSection
EndGlobal
